
Microsoft Visual Studio Solution File, Format Version 12.00
# Visual Studio Version 17
VisualStudioVersion = 17.8.34525.116
MinimumVisualStudioVersion = 10.0.40219.1
Project("{8BC9CEB8-8B4A-11D0-8D11-00A0C91BC942}") = "BOJ_5800", "BOJ_5800.vcxproj", "{2DF6CF43-33E7-4328-A097-B150760E9F70}"
EndProject
Global
	GlobalSection(SolutionConfigurationPlatforms) = preSolution
		Debug|x64 = Debug|x64
		Release|x64 = Release|x64
	EndGlobalSection
	GlobalSection(ProjectConfigurationPlatforms) = postSolution
		{2DF6CF43-33E7-4328-A097-B150760E9F70}.Debug|x64.ActiveCfg = Debug|x64
		{2DF6CF43-33E7-4328-A097-B150760E9F70}.Debug|x64.Build.0 = Debug|x64
		{2DF6CF43-33E7-4328-A097-B150760E9F70}.Release|x64.ActiveCfg = Release|x64
		{2DF6CF43-33E7-4328-A097-B150760E9F70}.Release|x64.Build.0 = Release|x64
	EndGlobalSection
	GlobalSection(SolutionProperties) = preSolution
		HideSolutionNode = FALSE
	EndGlobalSection
	GlobalSection(ExtensibilityGlobals) = postSolution
		SolutionGuid = {FF7179E6-2434-4F76-AD9A-9159028F092F}
	EndGlobalSection
EndGlobal
